{
  "nodes": {
    "crancache": {
      "flake": false,
      "locked": {
        "lastModified": 1690308244,
        "narHash": "sha256-bsip4CeEYUNYd/oRN7c3dvdYh7YCP6oGluKVGzgrmOk=",
        "owner": "r-lib",
        "repo": "crancache",
        "rev": "fc51e313db93780b1efd870f1b6bd3b638c909d3",
        "type": "github"
      },
      "original": {
        "owner": "r-lib",
        "repo": "crancache",
        "type": "github"
      }
    },
    "nixpkgs": {
      "locked": {
        "lastModified": 1768242861,
        "narHash": "sha256-F4IIxa5xDHjtrmMcayM8lHctUq1oGltfBQu2+oqDWP4=",
        "owner": "NixOS",
        "repo": "nixpkgs",
        "rev": "1327e798cb055f96f92685df444e9a2c326ab5ed",
        "type": "github"
      },
      "original": {
        "owner": "NixOS",
        "ref": "nixos-25.11",
        "repo": "nixpkgs",
        "type": "github"
      }
    },
    "rNvim": {
      "flake": false,
      "locked": {
        "lastModified": 1767898230,
        "narHash": "sha256-xYtqKoteR9/flvttsSRDlIIuEBbzuK2UFwNkmbSY4w8=",
        "owner": "R-nvim",
        "repo": "R.nvim",
        "rev": "b7de6e6f43d79e31b077096ca0089fde85190f46",
        "type": "github"
      },
      "original": {
        "owner": "R-nvim",
        "repo": "R.nvim",
        "type": "github"
      }
    },
    "revdepcheck": {
      "flake": false,
      "locked": {
        "lastModified": 1759501121,
        "narHash": "sha256-W8aWWlG8+++nEBW3euwFvgsgrIaneBEX34E8aX8DJgA=",
        "owner": "r-lib",
        "repo": "revdepcheck",
        "rev": "b6eb2668650581e818681d5e0d98f8fc666a03ae",
        "type": "github"
      },
      "original": {
        "owner": "r-lib",
        "repo": "revdepcheck",
        "type": "github"
      }
    },
    "rnaturalearthdata": {
      "flake": false,
      "locked": {
        "lastModified": 1740777745,
        "narHash": "sha256-hoGzV5KAhzc/mHMDqTTBZzKkim6qPOxVf6bZcM+LzfY=",
        "owner": "ropensci",
        "repo": "rnaturalearthdata",
        "rev": "ff4d891f74265473ae2c936dcfeb0c9afeac6631",
        "type": "github"
      },
      "original": {
        "owner": "ropensci",
        "repo": "rnaturalearthdata",
        "type": "github"
      }
    },
    "rnaturalearthhires": {
      "flake": false,
      "locked": {
        "lastModified": 1751713976,
        "narHash": "sha256-h+Y37U2aV/F54X+87iNBeRFcrYpNYPS/zzczVO+xZVs=",
        "owner": "ropensci",
        "repo": "rnaturalearthhires",
        "rev": "e4736f636baa1c013d77d2ba028dd5bc334defee",
        "type": "github"
      },
      "original": {
        "owner": "ropensci",
        "repo": "rnaturalearthhires",
        "type": "github"
      }
    },
    "root": {
      "inputs": {
        "crancache": "crancache",
        "nixpkgs": "nixpkgs",
        "rNvim": "rNvim",
        "revdepcheck": "revdepcheck",
        "rnaturalearthdata": "rnaturalearthdata",
        "rnaturalearthhires": "rnaturalearthhires"
      }
    }
  },
  "root": "root",
  "version": 7
}
