{
  "nodes": {
    "arf": {
      "flake": false,
      "locked": {
        "lastModified": 1783129761,
        "narHash": "sha256-CceBGYa24VsJBG7Aza8EcDJe0DoI4+mCXQiZ+HLF4A4=",
        "owner": "eitsupi",
        "repo": "arf",
        "rev": "084817d5587ca8b63419c615fdb560212dea9a0e",
        "type": "github"
      },
      "original": {
        "owner": "eitsupi",
        "repo": "arf",
        "type": "github"
      }
    },
    "nixpkgs": {
      "locked": {
        "lastModified": 1783224372,
        "narHash": "sha256-8i/87eeoqiGE4yOTjwSA3Eh/ziJRQEmd/unYU+K27sk=",
        "owner": "NixOS",
        "repo": "nixpkgs",
        "rev": "d407951447dcd00442e97087bf374aad70c04cea",
        "type": "github"
      },
      "original": {
        "owner": "NixOS",
        "ref": "nixos-unstable",
        "repo": "nixpkgs",
        "type": "github"
      }
    },
    "rNvim": {
      "flake": false,
      "locked": {
        "lastModified": 1783264911,
        "narHash": "sha256-FywUL3mV2+kfu+rO6uUFyUv80EflbdgSkYuSnW965UE=",
        "owner": "R-nvim",
        "repo": "R.nvim",
        "rev": "c56ebe0f8445e251673981c40ac2d74659ecd6ed",
        "type": "github"
      },
      "original": {
        "owner": "R-nvim",
        "repo": "R.nvim",
        "type": "github"
      }
    },
    "rnaturalearthdata": {
      "flake": false,
      "locked": {
        "lastModified": 1740777745,
        "narHash": "sha256-hoGzV5KAhzc/mHMDqTTBZzKkim6qPOxVf6bZcM+LzfY=",
        "owner": "ropensci",
        "repo": "rnaturalearthdata",
        "rev": "ff4d891f74265473ae2c936dcfeb0c9afeac6631",
        "type": "github"
      },
      "original": {
        "owner": "ropensci",
        "repo": "rnaturalearthdata",
        "type": "github"
      }
    },
    "rnaturalearthhires": {
      "flake": false,
      "locked": {
        "lastModified": 1751713976,
        "narHash": "sha256-h+Y37U2aV/F54X+87iNBeRFcrYpNYPS/zzczVO+xZVs=",
        "owner": "ropensci",
        "repo": "rnaturalearthhires",
        "rev": "e4736f636baa1c013d77d2ba028dd5bc334defee",
        "type": "github"
      },
      "original": {
        "owner": "ropensci",
        "repo": "rnaturalearthhires",
        "type": "github"
      }
    },
    "root": {
      "inputs": {
        "arf": "arf",
        "nixpkgs": "nixpkgs",
        "rNvim": "rNvim",
        "rnaturalearthdata": "rnaturalearthdata",
        "rnaturalearthhires": "rnaturalearthhires"
      }
    }
  },
  "root": "root",
  "version": 7
}
