{
  "nodes": {
    "nixpkgs": {
      "locked": {
        "lastModified": 1767799921,
        "narHash": "sha256-r4GVX+FToWVE2My8VVZH4V0pTIpnu2ZE8/Z4uxGEMBE=",
        "owner": "NixOS",
        "repo": "nixpkgs",
        "rev": "d351d0653aeb7877273920cd3e823994e7579b0b",
        "type": "github"
      },
      "original": {
        "owner": "NixOS",
        "ref": "nixos-25.11",
        "repo": "nixpkgs",
        "type": "github"
      }
    },
    "rNvim": {
      "flake": false,
      "locked": {
        "lastModified": 1767898230,
        "narHash": "sha256-xYtqKoteR9/flvttsSRDlIIuEBbzuK2UFwNkmbSY4w8=",
        "owner": "R-nvim",
        "repo": "R.nvim",
        "rev": "b7de6e6f43d79e31b077096ca0089fde85190f46",
        "type": "github"
      },
      "original": {
        "owner": "R-nvim",
        "repo": "R.nvim",
        "type": "github"
      }
    },
    "rnaturalearthdata": {
      "flake": false,
      "locked": {
        "lastModified": 1740777745,
        "narHash": "sha256-hoGzV5KAhzc/mHMDqTTBZzKkim6qPOxVf6bZcM+LzfY=",
        "owner": "ropensci",
        "repo": "rnaturalearthdata",
        "rev": "ff4d891f74265473ae2c936dcfeb0c9afeac6631",
        "type": "github"
      },
      "original": {
        "owner": "ropensci",
        "repo": "rnaturalearthdata",
        "type": "github"
      }
    },
    "rnaturalearthhires": {
      "flake": false,
      "locked": {
        "lastModified": 1751713976,
        "narHash": "sha256-h+Y37U2aV/F54X+87iNBeRFcrYpNYPS/zzczVO+xZVs=",
        "owner": "ropensci",
        "repo": "rnaturalearthhires",
        "rev": "e4736f636baa1c013d77d2ba028dd5bc334defee",
        "type": "github"
      },
      "original": {
        "owner": "ropensci",
        "repo": "rnaturalearthhires",
        "type": "github"
      }
    },
    "root": {
      "inputs": {
        "nixpkgs": "nixpkgs",
        "rNvim": "rNvim",
        "rnaturalearthdata": "rnaturalearthdata",
        "rnaturalearthhires": "rnaturalearthhires"
      }
    }
  },
  "root": "root",
  "version": 7
}
